
Microsoft Visual Studio Solution File, Format Version 12.00
# Visual Studio Version 16
VisualStudioVersion = 16.0.31019.35
MinimumVisualStudioVersion = 10.0.40219.1
Project("{FAE04EC0-301F-11D3-BF4B-00C04F79EFBC}") = "A5(Q1)", "A5(Q1)\A5(Q1).csproj", "{35E182B0-5B23-4BC4-B298-683C5F42C20E}"
EndProject
Global
	GlobalSection(SolutionConfigurationPlatforms) = preSolution
		Debug|Any CPU = Debug|Any CPU
		Release|Any CPU = Release|Any CPU
	EndGlobalSection
	GlobalSection(ProjectConfigurationPlatforms) = postSolution
		{35E182B0-5B23-4BC4-B298-683C5F42C20E}.Debug|Any CPU.ActiveCfg = Debug|Any CPU
		{35E182B0-5B23-4BC4-B298-683C5F42C20E}.Debug|Any CPU.Build.0 = Debug|Any CPU
		{35E182B0-5B23-4BC4-B298-683C5F42C20E}.Release|Any CPU.ActiveCfg = Release|Any CPU
		{35E182B0-5B23-4BC4-B298-683C5F42C20E}.Release|Any CPU.Build.0 = Release|Any CPU
	EndGlobalSection
	GlobalSection(SolutionProperties) = preSolution
		HideSolutionNode = FALSE
	EndGlobalSection
	GlobalSection(ExtensibilityGlobals) = postSolution
		SolutionGuid = {392EBBB9-9F85-488F-94B8-BFA6D6268D44}
	EndGlobalSection
EndGlobal
